
Microsoft Visual Studio Solution File, Format Version 12.00
# Visual Studio Version 16
VisualStudioVersion = 16.0.33214.272
MinimumVisualStudioVersion = 10.0.40219.1
Project("{FAE04EC0-301F-11D3-BF4B-00C04F79EFBC}") = "View", "Mobile Phone Distribute Management\View.csproj", "{6EAC8434-AA99-459C-A079-7AA5938F27DF}"
EndProject
Project("{FAE04EC0-301F-11D3-BF4B-00C04F79EFBC}") = "Controller", "Controller\Controller.csproj", "{2412C18D-A1F5-43D5-951F-A495A6786EE4}"
EndProject
Project("{FAE04EC0-301F-11D3-BF4B-00C04F79EFBC}") = "Model", "Model\Model.csproj", "{97DCF80F-D866-43D9-950B-EA8E7EDA887D}"
EndProject
Global
	GlobalSection(SolutionConfigurationPlatforms) = preSolution
		Debug|Any CPU = Debug|Any CPU
		Release|Any CPU = Release|Any CPU
	EndGlobalSection
	GlobalSection(ProjectConfigurationPlatforms) = postSolution
		{6EAC8434-AA99-459C-A079-7AA5938F27DF}.Debug|Any CPU.ActiveCfg = Debug|Any CPU
		{6EAC8434-AA99-459C-A079-7AA5938F27DF}.Debug|Any CPU.Build.0 = Debug|Any CPU
		{6EAC8434-AA99-459C-A079-7AA5938F27DF}.Release|Any CPU.ActiveCfg = Release|Any CPU
		{6EAC8434-AA99-459C-A079-7AA5938F27DF}.Release|Any CPU.Build.0 = Release|Any CPU
		{2412C18D-A1F5-43D5-951F-A495A6786EE4}.Debug|Any CPU.ActiveCfg = Debug|Any CPU
		{2412C18D-A1F5-43D5-951F-A495A6786EE4}.Debug|Any CPU.Build.0 = Debug|Any CPU
		{2412C18D-A1F5-43D5-951F-A495A6786EE4}.Release|Any CPU.ActiveCfg = Release|Any CPU
		{2412C18D-A1F5-43D5-951F-A495A6786EE4}.Release|Any CPU.Build.0 = Release|Any CPU
		{97DCF80F-D866-43D9-950B-EA8E7EDA887D}.Debug|Any CPU.ActiveCfg = Debug|Any CPU
		{97DCF80F-D866-43D9-950B-EA8E7EDA887D}.Debug|Any CPU.Build.0 = Debug|Any CPU
		{97DCF80F-D866-43D9-950B-EA8E7EDA887D}.Release|Any CPU.ActiveCfg = Release|Any CPU
		{97DCF80F-D866-43D9-950B-EA8E7EDA887D}.Release|Any CPU.Build.0 = Release|Any CPU
	EndGlobalSection
	GlobalSection(SolutionProperties) = preSolution
		HideSolutionNode = FALSE
	EndGlobalSection
	GlobalSection(ExtensibilityGlobals) = postSolution
		SolutionGuid = {CC5D1235-C8FB-4BE5-9A43-4231087BFFE7}
	EndGlobalSection
EndGlobal
